// !$*UTF8*$!
{
	archiveVersion = 1;
	classes = {
	};
	objectVersion = 77;
	objects = {

/* Begin PBXBuildFile section */
		78013F552EE8856800A024FB /* WebRTC.xcframework in Frameworks */ = {isa = PBXBuildFile; fileRef = 78013F532EE884A800A024FB /* WebRTC.xcframework */; };
		78013F562EE8856800A024FB /* WebRTC.xcframework in Embed Frameworks */ = {isa = PBXBuildFile; fileRef = 78013F532EE884A800A024FB /* WebRTC.xcframework */; settings = {ATTRIBUTES = (CodeSignOnCopy, RemoveHeadersOnCopy, ); }; };
		78013F5B2EE9027300A024FB /* WebRTCManager.swift in Sources */ = {isa = PBXBuildFile; fileRef = 78013F5A2EE9027300A024FB /* WebRTCManager.swift */; };
		78013F5D2EE903AE00A024FB /* FirebaseFirestore in Frameworks */ = {isa = PBXBuildFile; productRef = 78013F5C2EE903AE00A024FB /* FirebaseFirestore */; };
		7829DEC42F003DBD001E7160 /* GamesCardsGrid.swift in Sources */ = {isa = PBXBuildFile; fileRef = 7829DEC32F003DBD001E7160 /* GamesCardsGrid.swift */; };
		784D28B42EE84C4D003F70DF /* FuturaCondensedExtraBoldNormal.ttf in Resources */ = {isa = PBXBuildFile; fileRef = 784D28B32EE84C4D003F70DF /* FuturaCondensedExtraBoldNormal.ttf */; };
		785E5A772EE8642300720C40 /* WebRTCConfig.xcconfig in Resources */ = {isa = PBXBuildFile; fileRef = 785E5A762EE8640300720C40 /* WebRTCConfig.xcconfig */; };
		787109252EE411D30002AAD5 /* EnglishJiApp.swift in Sources */ = {isa = PBXBuildFile; fileRef = 787109242EE411D30002AAD5 /* EnglishJiApp.swift */; };
		787109292EE411D40002AAD5 /* Assets.xcassets in Resources */ = {isa = PBXBuildFile; fileRef = 787109282EE411D40002AAD5 /* Assets.xcassets */; };
		787109B72EE744400002AAD5 /* FirebaseAuth in Frameworks */ = {isa = PBXBuildFile; productRef = 787109B62EE744400002AAD5 /* FirebaseAuth */; };
		787109B92EE744400002AAD5 /* FirebaseMessaging in Frameworks */ = {isa = PBXBuildFile; productRef = 787109B82EE744400002AAD5 /* FirebaseMessaging */; };
		787109BC2EE744A70002AAD5 /* GoogleSignIn in Frameworks */ = {isa = PBXBuildFile; productRef = 787109BB2EE744A70002AAD5 /* GoogleSignIn */; };
		787109BE2EE744A70002AAD5 /* GoogleSignInSwift in Frameworks */ = {isa = PBXBuildFile; productRef = 787109BD2EE744A70002AAD5 /* GoogleSignInSwift */; };
		787109C02EE747AD0002AAD5 /* GoogleService-Info.plist in Resources */ = {isa = PBXBuildFile; fileRef = 787109BF2EE747AD0002AAD5 /* GoogleService-Info.plist */; };
		78B3164F2EE9ED70002DCA00 /* WebRTCClient.swift in Sources */ = {isa = PBXBuildFile; fileRef = 78B3164E2EE9ED70002DCA00 /* WebRTCClient.swift */; };
		78C85DB02EF2669F002BE743 /* AudioSessionManager.swift in Sources */ = {isa = PBXBuildFile; fileRef = 78C85DAF2EF2669F002BE743 /* AudioSessionManager.swift */; };
		78C85DB12EF2684D002BE743 /* SignalingClient.swift in Sources */ = {isa = PBXBuildFile; fileRef = 78013F582EE9023D00A024FB /* SignalingClient.swift */; };
/* End PBXBuildFile section */

/* Begin PBXCopyFilesBuildPhase section */
		784D28B22EE84A67003F70DF /* Embed Frameworks */ = {
			isa = PBXCopyFilesBuildPhase;
			buildActionMask = 2147483647;
			dstPath = "";
			dstSubfolderSpec = 10;
			files = (
				78013F562EE8856800A024FB /* WebRTC.xcframework in Embed Frameworks */,
			);
			name = "Embed Frameworks";
			runOnlyForDeploymentPostprocessing = 0;
		};
/* End PBXCopyFilesBuildPhase section */

/* Begin PBXFileReference section */
		78013F532EE884A800A024FB /* WebRTC.xcframework */ = {isa = PBXFileReference; lastKnownFileType = wrapper.xcframework; path = WebRTC.xcframework; sourceTree = "<group>"; };
		78013F582EE9023D00A024FB /* SignalingClient.swift */ = {isa = PBXFileReference; lastKnownFileType = sourcecode.swift; path = SignalingClient.swift; sourceTree = "<group>"; };
		78013F5A2EE9027300A024FB /* WebRTCManager.swift */ = {isa = PBXFileReference; lastKnownFileType = sourcecode.swift; path = WebRTCManager.swift; sourceTree = "<group>"; };
		7829DEC32F003DBD001E7160 /* GamesCardsGrid.swift */ = {isa = PBXFileReference; lastKnownFileType = sourcecode.swift; path = GamesCardsGrid.swift; sourceTree = "<group>"; };
		784D28B32EE84C4D003F70DF /* FuturaCondensedExtraBoldNormal.ttf */ = {isa = PBXFileReference; lastKnownFileType = file; path = FuturaCondensedExtraBoldNormal.ttf; sourceTree = "<group>"; };
		785E5A762EE8640300720C40 /* WebRTCConfig.xcconfig */ = {isa = PBXFileReference; lastKnownFileType = text.xcconfig; path = WebRTCConfig.xcconfig; sourceTree = "<group>"; };
		787109242EE411D30002AAD5 /* EnglishJiApp.swift */ = {isa = PBXFileReference; lastKnownFileType = sourcecode.swift; path = EnglishJiApp.swift; sourceTree = "<group>"; };
		787109282EE411D40002AAD5 /* Assets.xcassets */ = {isa = PBXFileReference; lastKnownFileType = folder.assetcatalog; path = Assets.xcassets; sourceTree = "<group>"; };
		787109652EE438580002AAD5 /* EnglishJi.app */ = {isa = PBXFileReference; explicitFileType = wrapper.application; includeInIndex = 0; path = EnglishJi.app; sourceTree = BUILT_PRODUCTS_DIR; };
		787109BF2EE747AD0002AAD5 /* GoogleService-Info.plist */ = {isa = PBXFileReference; lastKnownFileType = text.plist.xml; path = "GoogleService-Info.plist"; sourceTree = "<group>"; };
		78B3164E2EE9ED70002DCA00 /* WebRTCClient.swift */ = {isa = PBXFileReference; lastKnownFileType = sourcecode.swift; path = WebRTCClient.swift; sourceTree = "<group>"; };
		78C85DAF2EF2669F002BE743 /* AudioSessionManager.swift */ = {isa = PBXFileReference; lastKnownFileType = sourcecode.swift; path = AudioSessionManager.swift; sourceTree = "<group>"; };
/* End PBXFileReference section */

/* Begin PBXFileSystemSynchronizedBuildFileExceptionSet section */
		7829DECA2F004A6A001E7160 /* Exceptions for "TicTacToe" folder in "EnglishJi" target */ = {
			isa = PBXFileSystemSynchronizedBuildFileExceptionSet;
			membershipExceptions = (
				GameModel.swift,
				TicTacToeTheme.swift,
				TicTacToeView.swift,
				TicTacToeViewModel.swift,
			);
			target = 787109202EE411D30002AAD5 /* EnglishJi */;
		};
		784D4F692F02FD0400A5C954 /* Exceptions for "Components" folder in "EnglishJi" target */ = {
			isa = PBXFileSystemSynchronizedBuildFileExceptionSet;
			membershipExceptions = (
				.swift,
			);
			target = 787109202EE411D30002AAD5 /* EnglishJi */;
		};
		787109672EE4386A0002AAD5 /* Exceptions for "EnglishJi" folder in "EnglishJi" target */ = {
			isa = PBXFileSystemSynchronizedBuildFileExceptionSet;
			membershipExceptions = (
				Info.plist,
			);
			target = 787109202EE411D30002AAD5 /* EnglishJi */;
		};
/* End PBXFileSystemSynchronizedBuildFileExceptionSet section */

/* Begin PBXFileSystemSynchronizedGroupBuildPhaseMembershipExceptionSet section */
		784D4F6A2F02FD0400A5C954 /* Exceptions for "Components" folder in "Compile Sources" phase from "EnglishJi" target */ = {
			isa = PBXFileSystemSynchronizedGroupBuildPhaseMembershipExceptionSet;
			buildPhase = 7871091D2EE411D30002AAD5 /* Sources */;
			membershipExceptions = (
				.swift,
			);
		};
/* End PBXFileSystemSynchronizedGroupBuildPhaseMembershipExceptionSet section */

/* Begin PBXFileSystemSynchronizedRootGroup section */
		78013F572EE901B200A024FB /* App */ = {
			isa = PBXFileSystemSynchronizedRootGroup;
			path = App;
			sourceTree = "<group>";
		};
		784583DE2EFD810900F98583 /* ViewModel */ = {
			isa = PBXFileSystemSynchronizedRootGroup;
			path = ViewModel;
			sourceTree = "<group>";
		};
		784583EB2EFE4A4500F98583 /* TicTacToe */ = {
			isa = PBXFileSystemSynchronizedRootGroup;
			exceptions = (
				7829DECA2F004A6A001E7160 /* Exceptions for "TicTacToe" folder in "EnglishJi" target */,
			);
			path = TicTacToe;
			sourceTree = "<group>";
		};
		784D28B52EE84C5E003F70DF /* Fonts */ = {
			isa = PBXFileSystemSynchronizedRootGroup;
			path = Fonts;
			sourceTree = "<group>";
		};
		787109232EE411D30002AAD5 /* EnglishJi */ = {
			isa = PBXFileSystemSynchronizedRootGroup;
			exceptions = (
				787109672EE4386A0002AAD5 /* Exceptions for "EnglishJi" folder in "EnglishJi" target */,
			);
			path = EnglishJi;
			sourceTree = "<group>";
		};
		7871092F2EE413F20002AAD5 /* Components */ = {
			isa = PBXFileSystemSynchronizedRootGroup;
			exceptions = (
				784D4F692F02FD0400A5C954 /* Exceptions for "Components" folder in "EnglishJi" target */,
				784D4F6A2F02FD0400A5C954 /* Exceptions for "Components" folder in "Compile Sources" phase from "EnglishJi" target */,
			);
			path = Components;
			sourceTree = "<group>";
		};
		787109302EE413F60002AAD5 /* Views */ = {
			isa = PBXFileSystemSynchronizedRootGroup;
			path = Views;
			sourceTree = "<group>";
		};
		787109312EE413F90002AAD5 /* Model */ = {
			isa = PBXFileSystemSynchronizedRootGroup;
			path = Model;
			sourceTree = "<group>";
		};
		787109322EE413FC0002AAD5 /* Managers */ = {
			isa = PBXFileSystemSynchronizedRootGroup;
			path = Managers;
			sourceTree = "<group>";
		};
		787109332EE414290002AAD5 /* Extensions */ = {
			isa = PBXFileSystemSynchronizedRootGroup;
			path = Extensions;
			sourceTree = "<group>";
		};
		787109682EE43D270002AAD5 /* TextAnimation */ = {
			isa = PBXFileSystemSynchronizedRootGroup;
			path = TextAnimation;
			sourceTree = "<group>";
		};
/* End PBXFileSystemSynchronizedRootGroup section */

/* Begin PBXFrameworksBuildPhase section */
		7871091E2EE411D30002AAD5 /* Frameworks */ = {
			isa = PBXFrameworksBuildPhase;
			buildActionMask = 2147483647;
			files = (
				78013F552EE8856800A024FB /* WebRTC.xcframework in Frameworks */,
				787109B92EE744400002AAD5 /* FirebaseMessaging in Frameworks */,
				787109B72EE744400002AAD5 /* FirebaseAuth in Frameworks */,
				787109BC2EE744A70002AAD5 /* GoogleSignIn in Frameworks */,
				787109BE2EE744A70002AAD5 /* GoogleSignInSwift in Frameworks */,
				78013F5D2EE903AE00A024FB /* FirebaseFirestore in Frameworks */,
			);
			runOnlyForDeploymentPostprocessing = 0;
		};
/* End PBXFrameworksBuildPhase section */

/* Begin PBXGroup section */
		784583EA2EFE4A3E00F98583 /* Games */ = {
			isa = PBXGroup;
			children = (
				784583EB2EFE4A4500F98583 /* TicTacToe */,
				7829DEC32F003DBD001E7160 /* GamesCardsGrid.swift */,
			);
			path = Games;
			sourceTree = "<group>";
		};
		787109182EE411D30002AAD5 = {
			isa = PBXGroup;
			children = (
				784583EA2EFE4A3E00F98583 /* Games */,
				784583DE2EFD810900F98583 /* ViewModel */,
				78013F572EE901B200A024FB /* App */,
				784D28B52EE84C5E003F70DF /* Fonts */,
				787109682EE43D270002AAD5 /* TextAnimation */,
				787109332EE414290002AAD5 /* Extensions */,
				787109322EE413FC0002AAD5 /* Managers */,
				787109312EE413F90002AAD5 /* Model */,
				787109302EE413F60002AAD5 /* Views */,
				7871092F2EE413F20002AAD5 /* Components */,
				787109232EE411D30002AAD5 /* EnglishJi */,
				787109282EE411D40002AAD5 /* Assets.xcassets */,
				787109652EE438580002AAD5 /* EnglishJi.app */,
				785E5A762EE8640300720C40 /* WebRTCConfig.xcconfig */,
				78013F532EE884A800A024FB /* WebRTC.xcframework */,
				78013F582EE9023D00A024FB /* SignalingClient.swift */,
				78B3164E2EE9ED70002DCA00 /* WebRTCClient.swift */,
				78C85DAF2EF2669F002BE743 /* AudioSessionManager.swift */,
				78013F5A2EE9027300A024FB /* WebRTCManager.swift */,
				787109242EE411D30002AAD5 /* EnglishJiApp.swift */,
				787109BF2EE747AD0002AAD5 /* GoogleService-Info.plist */,
				784D28B32EE84C4D003F70DF /* FuturaCondensedExtraBoldNormal.ttf */,
			);
			sourceTree = "<group>";
		};
/* End PBXGroup section */

/* Begin PBXNativeTarget section */
		787109202EE411D30002AAD5 /* EnglishJi */ = {
			isa = PBXNativeTarget;
			buildConfigurationList = 7871092C2EE411D40002AAD5 /* Build configuration list for PBXNativeTarget "EnglishJi" */;
			buildPhases = (
				7871091D2EE411D30002AAD5 /* Sources */,
				7871091E2EE411D30002AAD5 /* Frameworks */,
				7871091F2EE411D30002AAD5 /* Resources */,
				784D28B22EE84A67003F70DF /* Embed Frameworks */,
			);
			buildRules = (
			);
			dependencies = (
			);
			fileSystemSynchronizedGroups = (
				78013F572EE901B200A024FB /* App */,
				784583DE2EFD810900F98583 /* ViewModel */,
				784D28B52EE84C5E003F70DF /* Fonts */,
				787109232EE411D30002AAD5 /* EnglishJi */,
				7871092F2EE413F20002AAD5 /* Components */,
				787109302EE413F60002AAD5 /* Views */,
				787109312EE413F90002AAD5 /* Model */,
				787109322EE413FC0002AAD5 /* Managers */,
				787109332EE414290002AAD5 /* Extensions */,
				787109682EE43D270002AAD5 /* TextAnimation */,
			);
			name = EnglishJi;
			packageProductDependencies = (
				787109B62EE744400002AAD5 /* FirebaseAuth */,
				787109B82EE744400002AAD5 /* FirebaseMessaging */,
				787109BB2EE744A70002AAD5 /* GoogleSignIn */,
				787109BD2EE744A70002AAD5 /* GoogleSignInSwift */,
				78013F5C2EE903AE00A024FB /* FirebaseFirestore */,
			);
			productName = EnglishJi;
			productReference = 787109652EE438580002AAD5 /* EnglishJi.app */;
			productType = "com.apple.product-type.application";
		};
/* End PBXNativeTarget section */

/* Begin PBXProject section */
		787109192EE411D30002AAD5 /* Project object */ = {
			isa = PBXProject;
			attributes = {
				BuildIndependentTargetsInParallel = 1;
				LastSwiftUpdateCheck = 2600;
				LastUpgradeCheck = 2600;
				TargetAttributes = {
					787109202EE411D30002AAD5 = {
						CreatedOnToolsVersion = 26.0.1;
					};
				};
			};
			buildConfigurationList = 7871091C2EE411D30002AAD5 /* Build configuration list for PBXProject "EnglishJi" */;
			developmentRegion = en;
			hasScannedForEncodings = 0;
			knownRegions = (
				en,
				Base,
			);
			mainGroup = 787109182EE411D30002AAD5;
			minimizedProjectReferenceProxies = 1;
			packageReferences = (
				787109B52EE744400002AAD5 /* XCRemoteSwiftPackageReference "firebase-ios-sdk" */,
				787109BA2EE744A70002AAD5 /* XCRemoteSwiftPackageReference "GoogleSignIn-iOS" */,
			);
			preferredProjectObjectVersion = 77;
			productRefGroup = 787109182EE411D30002AAD5;
			projectDirPath = "";
			projectRoot = "";
			targets = (
				787109202EE411D30002AAD5 /* EnglishJi */,
			);
		};
/* End PBXProject section */

/* Begin PBXResourcesBuildPhase section */
		7871091F2EE411D30002AAD5 /* Resources */ = {
			isa = PBXResourcesBuildPhase;
			buildActionMask = 2147483647;
			files = (
				787109C02EE747AD0002AAD5 /* GoogleService-Info.plist in Resources */,
				785E5A772EE8642300720C40 /* WebRTCConfig.xcconfig in Resources */,
				787109292EE411D40002AAD5 /* Assets.xcassets in Resources */,
				784D28B42EE84C4D003F70DF /* FuturaCondensedExtraBoldNormal.ttf in Resources */,
			);
			runOnlyForDeploymentPostprocessing = 0;
		};
/* End PBXResourcesBuildPhase section */

/* Begin PBXSourcesBuildPhase section */
		7871091D2EE411D30002AAD5 /* Sources */ = {
			isa = PBXSourcesBuildPhase;
			buildActionMask = 2147483647;
			files = (
				78C85DB02EF2669F002BE743 /* AudioSessionManager.swift in Sources */,
				78C85DB12EF2684D002BE743 /* SignalingClient.swift in Sources */,
				78013F5B2EE9027300A024FB /* WebRTCManager.swift in Sources */,
				7829DEC42F003DBD001E7160 /* GamesCardsGrid.swift in Sources */,
				787109252EE411D30002AAD5 /* EnglishJiApp.swift in Sources */,
				78B3164F2EE9ED70002DCA00 /* WebRTCClient.swift in Sources */,
			);
			runOnlyForDeploymentPostprocessing = 0;
		};
/* End PBXSourcesBuildPhase section */

/* Begin XCBuildConfiguration section */
		7871092A2EE411D40002AAD5 /* Debug */ = {
			isa = XCBuildConfiguration;
			baseConfigurationReference = 785E5A762EE8640300720C40 /* WebRTCConfig.xcconfig */;
			buildSettings = {
				ALWAYS_SEARCH_USER_PATHS = NO;
				ASSETCATALOG_COMPILER_GENERATE_SWIFT_ASSET_SYMBOL_EXTENSIONS = YES;
				CLANG_ANALYZER_NONNULL = YES;
				CLANG_ANALYZER_NUMBER_OBJECT_CONVERSION = YES_AGGRESSIVE;
				CLANG_CXX_LANGUAGE_STANDARD = "gnu++20";
				CLANG_ENABLE_MODULES = YES;
				CLANG_ENABLE_OBJC_ARC = YES;
				CLANG_ENABLE_OBJC_WEAK = YES;
				CLANG_WARN_BLOCK_CAPTURE_AUTORELEASING = YES;
				CLANG_WARN_BOOL_CONVERSION = YES;
				CLANG_WARN_COMMA = YES;
				CLANG_WARN_CONSTANT_CONVERSION = YES;
				CLANG_WARN_DEPRECATED_OBJC_IMPLEMENTATIONS = YES;
				CLANG_WARN_DIRECT_OBJC_ISA_USAGE = YES_ERROR;
				CLANG_WARN_DOCUMENTATION_COMMENTS = YES;
				CLANG_WARN_EMPTY_BODY = YES;
				CLANG_WARN_ENUM_CONVERSION = YES;
				CLANG_WARN_INFINITE_RECURSION = YES;
				CLANG_WARN_INT_CONVERSION = YES;
				CLANG_WARN_NON_LITERAL_NULL_CONVERSION = YES;
				CLANG_WARN_OBJC_IMPLICIT_RETAIN_SELF = YES;
				CLANG_WARN_OBJC_LITERAL_CONVERSION = YES;
				CLANG_WARN_OBJC_ROOT_CLASS = YES_ERROR;
				CLANG_WARN_QUOTED_INCLUDE_IN_FRAMEWORK_HEADER = YES;
				CLANG_WARN_RANGE_LOOP_ANALYSIS = YES;
				CLANG_WARN_STRICT_PROTOTYPES = YES;
				CLANG_WARN_SUSPICIOUS_MOVE = YES;
				CLANG_WARN_UNGUARDED_AVAILABILITY = YES_AGGRESSIVE;
				CLANG_WARN_UNREACHABLE_CODE = YES;
				CLANG_WARN__DUPLICATE_METHOD_MATCH = YES;
				COPY_PHASE_STRIP = NO;
				DEBUG_INFORMATION_FORMAT = dwarf;
				DEVELOPMENT_TEAM = 8XU7G4WPRA;
				ENABLE_STRICT_OBJC_MSGSEND = YES;
				ENABLE_TESTABILITY = YES;
				ENABLE_USER_SCRIPT_SANDBOXING = YES;
				GCC_C_LANGUAGE_STANDARD = gnu17;
				GCC_DYNAMIC_NO_PIC = NO;
				GCC_NO_COMMON_BLOCKS = YES;
				GCC_OPTIMIZATION_LEVEL = 0;
				GCC_PREPROCESSOR_DEFINITIONS = (
					"DEBUG=1",
					"$(inherited)",
				);
				GCC_WARN_64_TO_32_BIT_CONVERSION = YES;
				GCC_WARN_ABOUT_RETURN_TYPE = YES_ERROR;
				GCC_WARN_UNDECLARED_SELECTOR = YES;
				GCC_WARN_UNINITIALIZED_AUTOS = YES_AGGRESSIVE;
				GCC_WARN_UNUSED_FUNCTION = YES;
				GCC_WARN_UNUSED_VARIABLE = YES;
				IPHONEOS_DEPLOYMENT_TARGET = 26.0;
				LOCALIZATION_PREFERS_STRING_CATALOGS = YES;
				MTL_ENABLE_DEBUG_INFO = INCLUDE_SOURCE;
				MTL_FAST_MATH = YES;
				ONLY_ACTIVE_ARCH = YES;
				SDKROOT = iphoneos;
				SWIFT_ACTIVE_COMPILATION_CONDITIONS = "DEBUG $(inherited)";
				SWIFT_OPTIMIZATION_LEVEL = "-Onone";
			};
			name = Debug;
		};
		7871092B2EE411D40002AAD5 /* Release */ = {
			isa = XCBuildConfiguration;
			baseConfigurationReference = 785E5A762EE8640300720C40 /* WebRTCConfig.xcconfig */;
			buildSettings = {
				ALWAYS_SEARCH_USER_PATHS = NO;
				ASSETCATALOG_COMPILER_GENERATE_SWIFT_ASSET_SYMBOL_EXTENSIONS = YES;
				CLANG_ANALYZER_NONNULL = YES;
				CLANG_ANALYZER_NUMBER_OBJECT_CONVERSION = YES_AGGRESSIVE;
				CLANG_CXX_LANGUAGE_STANDARD = "gnu++20";
				CLANG_ENABLE_MODULES = YES;
				CLANG_ENABLE_OBJC_ARC = YES;
				CLANG_ENABLE_OBJC_WEAK = YES;
				CLANG_WARN_BLOCK_CAPTURE_AUTORELEASING = YES;
				CLANG_WARN_BOOL_CONVERSION = YES;
				CLANG_WARN_COMMA = YES;
				CLANG_WARN_CONSTANT_CONVERSION = YES;
				CLANG_WARN_DEPRECATED_OBJC_IMPLEMENTATIONS = YES;
				CLANG_WARN_DIRECT_OBJC_ISA_USAGE = YES_ERROR;
				CLANG_WARN_DOCUMENTATION_COMMENTS = YES;
				CLANG_WARN_EMPTY_BODY = YES;
				CLANG_WARN_ENUM_CONVERSION = YES;
				CLANG_WARN_INFINITE_RECURSION = YES;
				CLANG_WARN_INT_CONVERSION = YES;
				CLANG_WARN_NON_LITERAL_NULL_CONVERSION = YES;
				CLANG_WARN_OBJC_IMPLICIT_RETAIN_SELF = YES;
				CLANG_WARN_OBJC_LITERAL_CONVERSION = YES;
				CLANG_WARN_OBJC_ROOT_CLASS = YES_ERROR;
				CLANG_WARN_QUOTED_INCLUDE_IN_FRAMEWORK_HEADER = YES;
				CLANG_WARN_RANGE_LOOP_ANALYSIS = YES;
				CLANG_WARN_STRICT_PROTOTYPES = YES;
				CLANG_WARN_SUSPICIOUS_MOVE = YES;
				CLANG_WARN_UNGUARDED_AVAILABILITY = YES_AGGRESSIVE;
				CLANG_WARN_UNREACHABLE_CODE = YES;
				CLANG_WARN__DUPLICATE_METHOD_MATCH = YES;
				COPY_PHASE_STRIP = NO;
				DEBUG_INFORMATION_FORMAT = "dwarf-with-dsym";
				DEVELOPMENT_TEAM = 8XU7G4WPRA;
				ENABLE_NS_ASSERTIONS = NO;
				ENABLE_STRICT_OBJC_MSGSEND = YES;
				ENABLE_USER_SCRIPT_SANDBOXING = YES;
				GCC_C_LANGUAGE_STANDARD = gnu17;
				GCC_NO_COMMON_BLOCKS = YES;
				GCC_WARN_64_TO_32_BIT_CONVERSION = YES;
				GCC_WARN_ABOUT_RETURN_TYPE = YES_ERROR;
				GCC_WARN_UNDECLARED_SELECTOR = YES;
				GCC_WARN_UNINITIALIZED_AUTOS = YES_AGGRESSIVE;
				GCC_WARN_UNUSED_FUNCTION = YES;
				GCC_WARN_UNUSED_VARIABLE = YES;
				IPHONEOS_DEPLOYMENT_TARGET = 26.0;
				LOCALIZATION_PREFERS_STRING_CATALOGS = YES;
				MTL_ENABLE_DEBUG_INFO = NO;
				MTL_FAST_MATH = YES;
				SDKROOT = iphoneos;
				SWIFT_COMPILATION_MODE = wholemodule;
				VALIDATE_PRODUCT = YES;
			};
			name = Release;
		};
		7871092D2EE411D40002AAD5 /* Debug */ = {
			isa = XCBuildConfiguration;
			baseConfigurationReference = 785E5A762EE8640300720C40 /* WebRTCConfig.xcconfig */;
			buildSettings = {
				ASSETCATALOG_COMPILER_APPICON_NAME = AppIcon;
				ASSETCATALOG_COMPILER_GLOBAL_ACCENT_COLOR_NAME = AccentColor;
				CLANG_ALLOW_NON_MODULAR_INCLUDES_IN_FRAMEWORK_MODULES = YES;
				CLANG_CXX_LANGUAGE_STANDARD = "gnu++17";
				CLANG_CXX_STANDARD_LIBRARY_HARDENING = none;
				CODE_SIGN_STYLE = Automatic;
				CURRENT_PROJECT_VERSION = 1;
				DEVELOPMENT_TEAM = 8XU7G4WPRA;
				ENABLE_PREVIEWS = YES;
				GENERATE_INFOPLIST_FILE = YES;
				INFOPLIST_FILE = EnglishJi/Info.plist;
				INFOPLIST_KEY_NSMicrophoneUsageDescription = "We need access to your microphone to connect you with other learners.";
				INFOPLIST_KEY_UIApplicationSceneManifest_Generation = YES;
				INFOPLIST_KEY_UIApplicationSupportsIndirectInputEvents = YES;
				INFOPLIST_KEY_UILaunchScreen_Generation = YES;
				INFOPLIST_KEY_UISupportedInterfaceOrientations_iPad = "UIInterfaceOrientationPortrait UIInterfaceOrientationPortraitUpsideDown UIInterfaceOrientationLandscapeLeft UIInterfaceOrientationLandscapeRight";
				INFOPLIST_KEY_UISupportedInterfaceOrientations_iPhone = "UIInterfaceOrientationPortrait UIInterfaceOrientationLandscapeLeft UIInterfaceOrientationLandscapeRight";
				IPHONEOS_DEPLOYMENT_TARGET = 16.6;
				LD_RUNPATH_SEARCH_PATHS = (
					"$(inherited)",
					"@executable_path/Frameworks",
				);
				MARKETING_VERSION = 1.0;
				PRODUCT_BUNDLE_IDENTIFIER = com.kirtidhwaj.EnglishJi;
				PRODUCT_NAME = "$(TARGET_NAME)";
				STRING_CATALOG_GENERATE_SYMBOLS = YES;
				SWIFT_APPROACHABLE_CONCURRENCY = YES;
				SWIFT_DEFAULT_ACTOR_ISOLATION = MainActor;
				SWIFT_EMIT_LOC_STRINGS = YES;
				SWIFT_UPCOMING_FEATURE_MEMBER_IMPORT_VISIBILITY = YES;
				SWIFT_VERSION = 5.0;
				TARGETED_DEVICE_FAMILY = "1,2";
			};
			name = Debug;
		};
		7871092E2EE411D40002AAD5 /* Release */ = {
			isa = XCBuildConfiguration;
			baseConfigurationReference = 785E5A762EE8640300720C40 /* WebRTCConfig.xcconfig */;
			buildSettings = {
				ASSETCATALOG_COMPILER_APPICON_NAME = AppIcon;
				ASSETCATALOG_COMPILER_GLOBAL_ACCENT_COLOR_NAME = AccentColor;
				CLANG_ALLOW_NON_MODULAR_INCLUDES_IN_FRAMEWORK_MODULES = YES;
				CLANG_CXX_LANGUAGE_STANDARD = "gnu++17";
				CLANG_CXX_STANDARD_LIBRARY_HARDENING = none;
				CODE_SIGN_STYLE = Automatic;
				CURRENT_PROJECT_VERSION = 1;
				DEVELOPMENT_TEAM = 8XU7G4WPRA;
				ENABLE_PREVIEWS = YES;
				GENERATE_INFOPLIST_FILE = YES;
				INFOPLIST_FILE = EnglishJi/Info.plist;
				INFOPLIST_KEY_NSMicrophoneUsageDescription = "We need access to your microphone to connect you with other learners.";
				INFOPLIST_KEY_UIApplicationSceneManifest_Generation = YES;
				INFOPLIST_KEY_UIApplicationSupportsIndirectInputEvents = YES;
				INFOPLIST_KEY_UILaunchScreen_Generation = YES;
				INFOPLIST_KEY_UISupportedInterfaceOrientations_iPad = "UIInterfaceOrientationPortrait UIInterfaceOrientationPortraitUpsideDown UIInterfaceOrientationLandscapeLeft UIInterfaceOrientationLandscapeRight";
				INFOPLIST_KEY_UISupportedInterfaceOrientations_iPhone = "UIInterfaceOrientationPortrait UIInterfaceOrientationLandscapeLeft UIInterfaceOrientationLandscapeRight";
				IPHONEOS_DEPLOYMENT_TARGET = 16.6;
				LD_RUNPATH_SEARCH_PATHS = (
					"$(inherited)",
					"@executable_path/Frameworks",
				);
				MARKETING_VERSION = 1.0;
				PRODUCT_BUNDLE_IDENTIFIER = com.kirtidhwaj.EnglishJi;
				PRODUCT_NAME = "$(TARGET_NAME)";
				STRING_CATALOG_GENERATE_SYMBOLS = YES;
				SWIFT_APPROACHABLE_CONCURRENCY = YES;
				SWIFT_DEFAULT_ACTOR_ISOLATION = MainActor;
				SWIFT_EMIT_LOC_STRINGS = YES;
				SWIFT_UPCOMING_FEATURE_MEMBER_IMPORT_VISIBILITY = YES;
				SWIFT_VERSION = 5.0;
				TARGETED_DEVICE_FAMILY = "1,2";
			};
			name = Release;
		};
/* End XCBuildConfiguration section */

/* Begin XCConfigurationList section */
		7871091C2EE411D30002AAD5 /* Build configuration list for PBXProject "EnglishJi" */ = {
			isa = XCConfigurationList;
			buildConfigurations = (
				7871092A2EE411D40002AAD5 /* Debug */,
				7871092B2EE411D40002AAD5 /* Release */,
			);
			defaultConfigurationIsVisible = 0;
			defaultConfigurationName = Release;
		};
		7871092C2EE411D40002AAD5 /* Build configuration list for PBXNativeTarget "EnglishJi" */ = {
			isa = XCConfigurationList;
			buildConfigurations = (
				7871092D2EE411D40002AAD5 /* Debug */,
				7871092E2EE411D40002AAD5 /* Release */,
			);
			defaultConfigurationIsVisible = 0;
			defaultConfigurationName = Release;
		};
/* End XCConfigurationList section */

/* Begin XCRemoteSwiftPackageReference section */
		787109B52EE744400002AAD5 /* XCRemoteSwiftPackageReference "firebase-ios-sdk" */ = {
			isa = XCRemoteSwiftPackageReference;
			repositoryURL = "https://github.com/firebase/firebase-ios-sdk";
			requirement = {
				kind = upToNextMajorVersion;
				minimumVersion = 12.6.0;
			};
		};
		787109BA2EE744A70002AAD5 /* XCRemoteSwiftPackageReference "GoogleSignIn-iOS" */ = {
			isa = XCRemoteSwiftPackageReference;
			repositoryURL = "https://github.com/google/GoogleSignIn-iOS";
			requirement = {
				kind = upToNextMajorVersion;
				minimumVersion = 9.0.0;
			};
		};
/* End XCRemoteSwiftPackageReference section */

/* Begin XCSwiftPackageProductDependency section */
		78013F5C2EE903AE00A024FB /* FirebaseFirestore */ = {
			isa = XCSwiftPackageProductDependency;
			package = 787109B52EE744400002AAD5 /* XCRemoteSwiftPackageReference "firebase-ios-sdk" */;
			productName = FirebaseFirestore;
		};
		787109B62EE744400002AAD5 /* FirebaseAuth */ = {
			isa = XCSwiftPackageProductDependency;
			package = 787109B52EE744400002AAD5 /* XCRemoteSwiftPackageReference "firebase-ios-sdk" */;
			productName = FirebaseAuth;
		};
		787109B82EE744400002AAD5 /* FirebaseMessaging */ = {
			isa = XCSwiftPackageProductDependency;
			package = 787109B52EE744400002AAD5 /* XCRemoteSwiftPackageReference "firebase-ios-sdk" */;
			productName = FirebaseMessaging;
		};
		787109BB2EE744A70002AAD5 /* GoogleSignIn */ = {
			isa = XCSwiftPackageProductDependency;
			package = 787109BA2EE744A70002AAD5 /* XCRemoteSwiftPackageReference "GoogleSignIn-iOS" */;
			productName = GoogleSignIn;
		};
		787109BD2EE744A70002AAD5 /* GoogleSignInSwift */ = {
			isa = XCSwiftPackageProductDependency;
			package = 787109BA2EE744A70002AAD5 /* XCRemoteSwiftPackageReference "GoogleSignIn-iOS" */;
			productName = GoogleSignInSwift;
		};
/* End XCSwiftPackageProductDependency section */
	};
	rootObject = 787109192EE411D30002AAD5 /* Project object */;
}
